
Microsoft Visual Studio Solution File, Format Version 12.00
# Visual Studio Version 17
VisualStudioVersion = 17.13.35931.197 d17.13
MinimumVisualStudioVersion = 10.0.40219.1
Project("{FAE04EC0-301F-11D3-BF4B-00C04F79EFBC}") = "KelimeOyunuX", "KelimeOyunuX\KelimeOyunuX.csproj", "{9BEBCD37-C31A-4CC7-B982-7DC700D3523E}"
EndProject
Global
	GlobalSection(SolutionConfigurationPlatforms) = preSolution
		Debug|Any CPU = Debug|Any CPU
		Release|Any CPU = Release|Any CPU
	EndGlobalSection
	GlobalSection(ProjectConfigurationPlatforms) = postSolution
		{9BEBCD37-C31A-4CC7-B982-7DC700D3523E}.Debug|Any CPU.ActiveCfg = Debug|Any CPU
		{9BEBCD37-C31A-4CC7-B982-7DC700D3523E}.Debug|Any CPU.Build.0 = Debug|Any CPU
		{9BEBCD37-C31A-4CC7-B982-7DC700D3523E}.Release|Any CPU.ActiveCfg = Release|Any CPU
		{9BEBCD37-C31A-4CC7-B982-7DC700D3523E}.Release|Any CPU.Build.0 = Release|Any CPU
	EndGlobalSection
	GlobalSection(SolutionProperties) = preSolution
		HideSolutionNode = FALSE
	EndGlobalSection
	GlobalSection(ExtensibilityGlobals) = postSolution
		SolutionGuid = {FA453357-AEF7-42D0-BA6F-0A3AF2500BA1}
	EndGlobalSection
EndGlobal
